
Microsoft Visual Studio Solution File, Format Version 12.00
# Visual Studio Version 17
VisualStudioVersion = 17.4.33403.182
MinimumVisualStudioVersion = 10.0.40219.1
Project("{FAE04EC0-301F-11D3-BF4B-00C04F79EFBC}") = "ISW_TP_6", "ISW_TP_6\ISW_TP_6.csproj", "{081745CE-09F1-4AD2-AC33-B64AA69F6560}"
EndProject
Global
	GlobalSection(SolutionConfigurationPlatforms) = preSolution
		Debug|Any CPU = Debug|Any CPU
		Release|Any CPU = Release|Any CPU
	EndGlobalSection
	GlobalSection(ProjectConfigurationPlatforms) = postSolution
		{081745CE-09F1-4AD2-AC33-B64AA69F6560}.Debug|Any CPU.ActiveCfg = Debug|Any CPU
		{081745CE-09F1-4AD2-AC33-B64AA69F6560}.Debug|Any CPU.Build.0 = Debug|Any CPU
		{081745CE-09F1-4AD2-AC33-B64AA69F6560}.Release|Any CPU.ActiveCfg = Release|Any CPU
		{081745CE-09F1-4AD2-AC33-B64AA69F6560}.Release|Any CPU.Build.0 = Release|Any CPU
	EndGlobalSection
	GlobalSection(SolutionProperties) = preSolution
		HideSolutionNode = FALSE
	EndGlobalSection
	GlobalSection(ExtensibilityGlobals) = postSolution
		SolutionGuid = {E8A7435E-0836-4E25-9775-9E49E078F87F}
	EndGlobalSection
EndGlobal
